
Microsoft Visual Studio Solution File, Format Version 12.00
# Visual Studio Version 16
VisualStudioVersion = 16.0.30320.27
MinimumVisualStudioVersion = 10.0.40219.1
Project("{9A19103F-16F7-4668-BE54-9A1E7A4F7556}") = "WebApplication1", "WebApplication1\WebApplication1.csproj", "{3587BE20-78DC-4845-9A04-15B7CB88A9BD}"
EndProject
Project("{00D1A9C2-B5F0-4AF3-8072-F6C62B433612}") = "Databasep", "Databasep\Databasep.sqlproj", "{6408FA57-56EA-4E31-BCAD-D8613C3B6863}"
EndProject
Global
	GlobalSection(SolutionConfigurationPlatforms) = preSolution
		Debug|Any CPU = Debug|Any CPU
		Release|Any CPU = Release|Any CPU
	EndGlobalSection
	GlobalSection(ProjectConfigurationPlatforms) = postSolution
		{3587BE20-78DC-4845-9A04-15B7CB88A9BD}.Debug|Any CPU.ActiveCfg = Debug|Any CPU
		{3587BE20-78DC-4845-9A04-15B7CB88A9BD}.Debug|Any CPU.Build.0 = Debug|Any CPU
		{3587BE20-78DC-4845-9A04-15B7CB88A9BD}.Release|Any CPU.ActiveCfg = Release|Any CPU
		{3587BE20-78DC-4845-9A04-15B7CB88A9BD}.Release|Any CPU.Build.0 = Release|Any CPU
		{6408FA57-56EA-4E31-BCAD-D8613C3B6863}.Debug|Any CPU.ActiveCfg = Debug|Any CPU
		{6408FA57-56EA-4E31-BCAD-D8613C3B6863}.Debug|Any CPU.Build.0 = Debug|Any CPU
		{6408FA57-56EA-4E31-BCAD-D8613C3B6863}.Debug|Any CPU.Deploy.0 = Debug|Any CPU
		{6408FA57-56EA-4E31-BCAD-D8613C3B6863}.Release|Any CPU.ActiveCfg = Release|Any CPU
		{6408FA57-56EA-4E31-BCAD-D8613C3B6863}.Release|Any CPU.Build.0 = Release|Any CPU
		{6408FA57-56EA-4E31-BCAD-D8613C3B6863}.Release|Any CPU.Deploy.0 = Release|Any CPU
	EndGlobalSection
	GlobalSection(SolutionProperties) = preSolution
		HideSolutionNode = FALSE
	EndGlobalSection
	GlobalSection(ExtensibilityGlobals) = postSolution
		SolutionGuid = {326AE5E3-EEFE-4121-9B94-851ACFCAF00C}
	EndGlobalSection
EndGlobal
